
Microsoft Visual Studio Solution File, Format Version 12.00
# Visual Studio Version 16
VisualStudioVersion = 16.0.30611.23
MinimumVisualStudioVersion = 10.0.40219.1
Project("{FAE04EC0-301F-11D3-BF4B-00C04F79EFBC}") = "WebApplication5", "WebApplication5\WebApplication5.csproj", "{98686853-314E-426C-9268-2FDF94A407FA}"
EndProject
Global
	GlobalSection(SolutionConfigurationPlatforms) = preSolution
		Debug|Any CPU = Debug|Any CPU
		Release|Any CPU = Release|Any CPU
	EndGlobalSection
	GlobalSection(ProjectConfigurationPlatforms) = postSolution
		{98686853-314E-426C-9268-2FDF94A407FA}.Debug|Any CPU.ActiveCfg = Debug|Any CPU
		{98686853-314E-426C-9268-2FDF94A407FA}.Debug|Any CPU.Build.0 = Debug|Any CPU
		{98686853-314E-426C-9268-2FDF94A407FA}.Release|Any CPU.ActiveCfg = Release|Any CPU
		{98686853-314E-426C-9268-2FDF94A407FA}.Release|Any CPU.Build.0 = Release|Any CPU
	EndGlobalSection
	GlobalSection(SolutionProperties) = preSolution
		HideSolutionNode = FALSE
	EndGlobalSection
	GlobalSection(ExtensibilityGlobals) = postSolution
		SolutionGuid = {A7CF23F7-D6C9-4493-9B20-E280EB42D7F1}
	EndGlobalSection
EndGlobal
